// !$*UTF8*$!
{
	archiveVersion = 1;
	classes = {
	};
	objectVersion = 46;
	objects = {

/* Begin PBXAggregateTarget section */
		E05F25AB14F4326600AF1F6D /* BuildDocumentation */ = {
			isa = PBXAggregateTarget;
			buildConfigurationList = E05F25AC14F4326600AF1F6D /* Build configuration list for PBXAggregateTarget "BuildDocumentation" */;
			buildPhases = (
				E05F25AF14F4326A00AF1F6D /* ShellScript */,
			);
			dependencies = (
				E05F25B114F4327500AF1F6D /* PBXTargetDependency */,
			);
			name = BuildDocumentation;
			productName = BuildDocumentation;
		};
/* End PBXAggregateTarget section */

/* Begin PBXBuildFile section */
		5635878F1605F51A003BC599 /* Default-568h@2x.png in Resources */ = {isa = PBXBuildFile; fileRef = 5635878E1605F51A003BC599 /* Default-568h@2x.png */; };
		BF31C39C18DD212D00A07190 /* CreateAccountViewController.m in Sources */ = {isa = PBXBuildFile; fileRef = BF31C39B18DD212D00A07190 /* CreateAccountViewController.m */; };
		BF31C3A018DE91E100A07190 /* AccountViewController.m in Sources */ = {isa = PBXBuildFile; fileRef = BF31C39F18DE91E100A07190 /* AccountViewController.m */; };
		BF3589B018DBDBB300865F59 /* RightViewController.m in Sources */ = {isa = PBXBuildFile; fileRef = BF3589AF18DBDBB300865F59 /* RightViewController.m */; };
		BF3589B318DBDC3A00865F59 /* MapViewController.m in Sources */ = {isa = PBXBuildFile; fileRef = BF3589B218DBDC3A00865F59 /* MapViewController.m */; };
		BF3589B518DBDDA400865F59 /* MapKit.framework in Frameworks */ = {isa = PBXBuildFile; fileRef = BF3589B418DBDDA400865F59 /* MapKit.framework */; };
		BF8A850318DCB0DA00C636A4 /* LeftViewController.m in Sources */ = {isa = PBXBuildFile; fileRef = BF8A850218DCB0DA00C636A4 /* LeftViewController.m */; };
		BF8A850A18DCB19700C636A4 /* User.m in Sources */ = {isa = PBXBuildFile; fileRef = BF8A850718DCB19700C636A4 /* User.m */; };
		BF8A850B18DCB19700C636A4 /* Event.m in Sources */ = {isa = PBXBuildFile; fileRef = BF8A850918DCB19700C636A4 /* Event.m */; };
		BFDB558418DBF68A0012C2DF /* LoginViewController.m in Sources */ = {isa = PBXBuildFile; fileRef = BFDB558318DBF68A0012C2DF /* LoginViewController.m */; };
		E0D35A4D14F282FD0013EB90 /* PPRevealSideViewController.m in Sources */ = {isa = PBXBuildFile; fileRef = E0D35A4C14F282FD0013EB90 /* PPRevealSideViewController.m */; };
		E0D35A6814F283AE0013EB90 /* AppDelegate.m in Sources */ = {isa = PBXBuildFile; fileRef = E0D35A4E14F2831B0013EB90 /* AppDelegate.m */; };
		E0D903BF14ED2A610072EECD /* UIKit.framework in Frameworks */ = {isa = PBXBuildFile; fileRef = E0D903BE14ED2A610072EECD /* UIKit.framework */; };
		E0D903C114ED2A610072EECD /* Foundation.framework in Frameworks */ = {isa = PBXBuildFile; fileRef = E0D903C014ED2A610072EECD /* Foundation.framework */; };
		E0D903C314ED2A610072EECD /* CoreGraphics.framework in Frameworks */ = {isa = PBXBuildFile; fileRef = E0D903C214ED2A610072EECD /* CoreGraphics.framework */; };
		E0D903C914ED2A610072EECD /* InfoPlist.strings in Resources */ = {isa = PBXBuildFile; fileRef = E0D903C714ED2A610072EECD /* InfoPlist.strings */; };
		E0D903CB14ED2A610072EECD /* main.m in Sources */ = {isa = PBXBuildFile; fileRef = E0D903CA14ED2A610072EECD /* main.m */; };
		E0D903F414ED38B50072EECD /* QuartzCore.framework in Frameworks */ = {isa = PBXBuildFile; fileRef = E0D903F314ED38B50072EECD /* QuartzCore.framework */; };
/* End PBXBuildFile section */

/* Begin PBXContainerItemProxy section */
		E05F25B014F4327500AF1F6D /* PBXContainerItemProxy */ = {
			isa = PBXContainerItemProxy;
			containerPortal = E0D903B114ED2A610072EECD /* Project object */;
			proxyType = 1;
			remoteGlobalIDString = E0D903B914ED2A610072EECD;
			remoteInfo = PPRevealSideViewController;
		};
/* End PBXContainerItemProxy section */

/* Begin PBXFileReference section */
		5635878E1605F51A003BC599 /* Default-568h@2x.png */ = {isa = PBXFileReference; lastKnownFileType = image.png; name = "Default-568h@2x.png"; path = "../Default-568h@2x.png"; sourceTree = "<group>"; };
		BF31C39A18DD212D00A07190 /* CreateAccountViewController.h */ = {isa = PBXFileReference; fileEncoding = 4; lastKnownFileType = sourcecode.c.h; path = CreateAccountViewController.h; sourceTree = "<group>"; };
		BF31C39B18DD212D00A07190 /* CreateAccountViewController.m */ = {isa = PBXFileReference; fileEncoding = 4; lastKnownFileType = sourcecode.c.objc; path = CreateAccountViewController.m; sourceTree = "<group>"; };
		BF31C39E18DE91E100A07190 /* AccountViewController.h */ = {isa = PBXFileReference; fileEncoding = 4; lastKnownFileType = sourcecode.c.h; path = AccountViewController.h; sourceTree = "<group>"; };
		BF31C39F18DE91E100A07190 /* AccountViewController.m */ = {isa = PBXFileReference; fileEncoding = 4; lastKnownFileType = sourcecode.c.objc; path = AccountViewController.m; sourceTree = "<group>"; };
		BF3589AE18DBDBB300865F59 /* RightViewController.h */ = {isa = PBXFileReference; fileEncoding = 4; lastKnownFileType = sourcecode.c.h; path = RightViewController.h; sourceTree = "<group>"; };
		BF3589AF18DBDBB300865F59 /* RightViewController.m */ = {isa = PBXFileReference; fileEncoding = 4; lastKnownFileType = sourcecode.c.objc; path = RightViewController.m; sourceTree = "<group>"; };
		BF3589B118DBDC3A00865F59 /* MapViewController.h */ = {isa = PBXFileReference; fileEncoding = 4; lastKnownFileType = sourcecode.c.h; path = MapViewController.h; sourceTree = "<group>"; };
		BF3589B218DBDC3A00865F59 /* MapViewController.m */ = {isa = PBXFileReference; fileEncoding = 4; lastKnownFileType = sourcecode.c.objc; path = MapViewController.m; sourceTree = "<group>"; };
		BF3589B418DBDDA400865F59 /* MapKit.framework */ = {isa = PBXFileReference; lastKnownFileType = wrapper.framework; name = MapKit.framework; path = System/Library/Frameworks/MapKit.framework; sourceTree = SDKROOT; };
		BF8A850118DCB0DA00C636A4 /* LeftViewController.h */ = {isa = PBXFileReference; fileEncoding = 4; lastKnownFileType = sourcecode.c.h; path = LeftViewController.h; sourceTree = "<group>"; };
		BF8A850218DCB0DA00C636A4 /* LeftViewController.m */ = {isa = PBXFileReference; fileEncoding = 4; lastKnownFileType = sourcecode.c.objc; path = LeftViewController.m; sourceTree = "<group>"; };
		BF8A850618DCB19700C636A4 /* User.h */ = {isa = PBXFileReference; fileEncoding = 4; lastKnownFileType = sourcecode.c.h; path = User.h; sourceTree = "<group>"; };
		BF8A850718DCB19700C636A4 /* User.m */ = {isa = PBXFileReference; fileEncoding = 4; lastKnownFileType = sourcecode.c.objc; path = User.m; sourceTree = "<group>"; };
		BF8A850818DCB19700C636A4 /* Event.h */ = {isa = PBXFileReference; fileEncoding = 4; lastKnownFileType = sourcecode.c.h; path = Event.h; sourceTree = "<group>"; };
		BF8A850918DCB19700C636A4 /* Event.m */ = {isa = PBXFileReference; fileEncoding = 4; lastKnownFileType = sourcecode.c.objc; path = Event.m; sourceTree = "<group>"; };
		BFDB558218DBF68A0012C2DF /* LoginViewController.h */ = {isa = PBXFileReference; fileEncoding = 4; lastKnownFileType = sourcecode.c.h; path = LoginViewController.h; sourceTree = "<group>"; };
		BFDB558318DBF68A0012C2DF /* LoginViewController.m */ = {isa = PBXFileReference; fileEncoding = 4; lastKnownFileType = sourcecode.c.objc; path = LoginViewController.m; sourceTree = "<group>"; };
		E0D35A4B14F282FD0013EB90 /* PPRevealSideViewController.h */ = {isa = PBXFileReference; fileEncoding = 4; lastKnownFileType = sourcecode.c.h; path = PPRevealSideViewController.h; sourceTree = "<group>"; };
		E0D35A4C14F282FD0013EB90 /* PPRevealSideViewController.m */ = {isa = PBXFileReference; fileEncoding = 4; lastKnownFileType = sourcecode.c.objc; path = PPRevealSideViewController.m; sourceTree = "<group>"; };
		E0D35A4E14F2831B0013EB90 /* AppDelegate.m */ = {isa = PBXFileReference; lastKnownFileType = sourcecode.c.objc; name = AppDelegate.m; path = Sample/AppDelegate.m; sourceTree = "<group>"; };
		E0D35A5114F2831B0013EB90 /* AppDelegate.h */ = {isa = PBXFileReference; lastKnownFileType = sourcecode.c.h; name = AppDelegate.h; path = Sample/AppDelegate.h; sourceTree = "<group>"; };
		E0D903BA14ED2A610072EECD /* PartyAppV1.app */ = {isa = PBXFileReference; explicitFileType = wrapper.application; includeInIndex = 0; path = PartyAppV1.app; sourceTree = BUILT_PRODUCTS_DIR; };
		E0D903BE14ED2A610072EECD /* UIKit.framework */ = {isa = PBXFileReference; lastKnownFileType = wrapper.framework; name = UIKit.framework; path = System/Library/Frameworks/UIKit.framework; sourceTree = SDKROOT; };
		E0D903C014ED2A610072EECD /* Foundation.framework */ = {isa = PBXFileReference; lastKnownFileType = wrapper.framework; name = Foundation.framework; path = System/Library/Frameworks/Foundation.framework; sourceTree = SDKROOT; };
		E0D903C214ED2A610072EECD /* CoreGraphics.framework */ = {isa = PBXFileReference; lastKnownFileType = wrapper.framework; name = CoreGraphics.framework; path = System/Library/Frameworks/CoreGraphics.framework; sourceTree = SDKROOT; };
		E0D903C614ED2A610072EECD /* PartyAppV1-Info.plist */ = {isa = PBXFileReference; lastKnownFileType = text.plist.xml; path = "PartyAppV1-Info.plist"; sourceTree = "<group>"; };
		E0D903C814ED2A610072EECD /* en */ = {isa = PBXFileReference; lastKnownFileType = text.plist.strings; name = en; path = en.lproj/InfoPlist.strings; sourceTree = "<group>"; };
		E0D903CA14ED2A610072EECD /* main.m */ = {isa = PBXFileReference; lastKnownFileType = sourcecode.c.objc; path = main.m; sourceTree = "<group>"; };
		E0D903CC14ED2A610072EECD /* PartyAppV1-Prefix.pch */ = {isa = PBXFileReference; lastKnownFileType = sourcecode.c.h; path = "PartyAppV1-Prefix.pch"; sourceTree = "<group>"; };
		E0D903F314ED38B50072EECD /* QuartzCore.framework */ = {isa = PBXFileReference; lastKnownFileType = wrapper.framework; name = QuartzCore.framework; path = System/Library/Frameworks/QuartzCore.framework; sourceTree = SDKROOT; };
/* End PBXFileReference section */

/* Begin PBXFrameworksBuildPhase section */
		E0D903B714ED2A610072EECD /* Frameworks */ = {
			isa = PBXFrameworksBuildPhase;
			buildActionMask = 2147483647;
			files = (
				E0D903F414ED38B50072EECD /* QuartzCore.framework in Frameworks */,
				E0D903BF14ED2A610072EECD /* UIKit.framework in Frameworks */,
				BF3589B518DBDDA400865F59 /* MapKit.framework in Frameworks */,
				E0D903C114ED2A610072EECD /* Foundation.framework in Frameworks */,
				E0D903C314ED2A610072EECD /* CoreGraphics.framework in Frameworks */,
			);
			runOnlyForDeploymentPostprocessing = 0;
		};
/* End PBXFrameworksBuildPhase section */

/* Begin PBXGroup section */
		BF31C39D18DE905600A07190 /* Sub-Controllers */ = {
			isa = PBXGroup;
			children = (
				BF31C39E18DE91E100A07190 /* AccountViewController.h */,
				BF31C39F18DE91E100A07190 /* AccountViewController.m */,
			);
			name = "Sub-Controllers";
			sourceTree = "<group>";
		};
		BF8A850518DCB16D00C636A4 /* Model */ = {
			isa = PBXGroup;
			children = (
				BF8A850618DCB19700C636A4 /* User.h */,
				BF8A850718DCB19700C636A4 /* User.m */,
				BF8A850818DCB19700C636A4 /* Event.h */,
				BF8A850918DCB19700C636A4 /* Event.m */,
			);
			name = Model;
			sourceTree = "<group>";
		};
		E0D35A4A14F282FD0013EB90 /* PPRevealSideviewController */ = {
			isa = PBXGroup;
			children = (
				E0D35A4B14F282FD0013EB90 /* PPRevealSideViewController.h */,
				E0D35A4C14F282FD0013EB90 /* PPRevealSideViewController.m */,
			);
			path = PPRevealSideviewController;
			sourceTree = "<group>";
		};
		E0D35A6014F283250013EB90 /* Controllers */ = {
			isa = PBXGroup;
			children = (
				BF31C39D18DE905600A07190 /* Sub-Controllers */,
				BF3589B118DBDC3A00865F59 /* MapViewController.h */,
				BF3589B218DBDC3A00865F59 /* MapViewController.m */,
				BF3589AE18DBDBB300865F59 /* RightViewController.h */,
				BF3589AF18DBDBB300865F59 /* RightViewController.m */,
				BFDB558218DBF68A0012C2DF /* LoginViewController.h */,
				BFDB558318DBF68A0012C2DF /* LoginViewController.m */,
				BF8A850118DCB0DA00C636A4 /* LeftViewController.h */,
				BF8A850218DCB0DA00C636A4 /* LeftViewController.m */,
				BF31C39A18DD212D00A07190 /* CreateAccountViewController.h */,
				BF31C39B18DD212D00A07190 /* CreateAccountViewController.m */,
			);
			name = Controllers;
			sourceTree = "<group>";
		};
		E0D903AF14ED2A610072EECD = {
			isa = PBXGroup;
			children = (
				E0D903C414ED2A610072EECD /* PartyAppV1 */,
				E0D903BD14ED2A610072EECD /* Frameworks */,
				E0D903BB14ED2A610072EECD /* Products */,
			);
			sourceTree = "<group>";
		};
		E0D903BB14ED2A610072EECD /* Products */ = {
			isa = PBXGroup;
			children = (
				E0D903BA14ED2A610072EECD /* PartyAppV1.app */,
			);
			name = Products;
			sourceTree = "<group>";
		};
		E0D903BD14ED2A610072EECD /* Frameworks */ = {
			isa = PBXGroup;
			children = (
				BF3589B418DBDDA400865F59 /* MapKit.framework */,
				E0D903F314ED38B50072EECD /* QuartzCore.framework */,
				E0D903BE14ED2A610072EECD /* UIKit.framework */,
				E0D903C014ED2A610072EECD /* Foundation.framework */,
				E0D903C214ED2A610072EECD /* CoreGraphics.framework */,
			);
			name = Frameworks;
			sourceTree = "<group>";
		};
		E0D903C414ED2A610072EECD /* PartyAppV1 */ = {
			isa = PBXGroup;
			children = (
				BF8A850518DCB16D00C636A4 /* Model */,
				E0D35A6014F283250013EB90 /* Controllers */,
				E0D35A5114F2831B0013EB90 /* AppDelegate.h */,
				E0D35A4E14F2831B0013EB90 /* AppDelegate.m */,
				E0D35A4A14F282FD0013EB90 /* PPRevealSideviewController */,
				E0D903C514ED2A610072EECD /* Supporting Files */,
				5635878E1605F51A003BC599 /* Default-568h@2x.png */,
			);
			name = PartyAppV1;
			path = PPRevealSideViewController;
			sourceTree = "<group>";
		};
		E0D903C514ED2A610072EECD /* Supporting Files */ = {
			isa = PBXGroup;
			children = (
				E0D903C614ED2A610072EECD /* PartyAppV1-Info.plist */,
				E0D903C714ED2A610072EECD /* InfoPlist.strings */,
				E0D903CA14ED2A610072EECD /* main.m */,
				E0D903CC14ED2A610072EECD /* PartyAppV1-Prefix.pch */,
			);
			name = "Supporting Files";
			sourceTree = "<group>";
		};
/* End PBXGroup section */

/* Begin PBXNativeTarget section */
		E0D903B914ED2A610072EECD /* PartyAppV1 */ = {
			isa = PBXNativeTarget;
			buildConfigurationList = E0D903D214ED2A610072EECD /* Build configuration list for PBXNativeTarget "PartyAppV1" */;
			buildPhases = (
				E0D903B614ED2A610072EECD /* Sources */,
				E0D903B714ED2A610072EECD /* Frameworks */,
				E0D903B814ED2A610072EECD /* Resources */,
			);
			buildRules = (
			);
			dependencies = (
			);
			name = PartyAppV1;
			productName = PPRevealSideViewController;
			productReference = E0D903BA14ED2A610072EECD /* PartyAppV1.app */;
			productType = "com.apple.product-type.application";
		};
/* End PBXNativeTarget section */

/* Begin PBXProject section */
		E0D903B114ED2A610072EECD /* Project object */ = {
			isa = PBXProject;
			attributes = {
				LastUpgradeCheck = 0460;
				TargetAttributes = {
					E0D903B914ED2A610072EECD = {
						SystemCapabilities = {
							com.apple.iOS = {
								enabled = 1;
							};
						};
					};
				};
			};
			buildConfigurationList = E0D903B414ED2A610072EECD /* Build configuration list for PBXProject "PartyAppV1" */;
			compatibilityVersion = "Xcode 3.2";
			developmentRegion = English;
			hasScannedForEncodings = 0;
			knownRegions = (
				en,
			);
			mainGroup = E0D903AF14ED2A610072EECD;
			productRefGroup = E0D903BB14ED2A610072EECD /* Products */;
			projectDirPath = "";
			projectRoot = "";
			targets = (
				E0D903B914ED2A610072EECD /* PartyAppV1 */,
				E05F25AB14F4326600AF1F6D /* BuildDocumentation */,
			);
		};
/* End PBXProject section */

/* Begin PBXResourcesBuildPhase section */
		E0D903B814ED2A610072EECD /* Resources */ = {
			isa = PBXResourcesBuildPhase;
			buildActionMask = 2147483647;
			files = (
				E0D903C914ED2A610072EECD /* InfoPlist.strings in Resources */,
				5635878F1605F51A003BC599 /* Default-568h@2x.png in Resources */,
			);
			runOnlyForDeploymentPostprocessing = 0;
		};
/* End PBXResourcesBuildPhase section */

/* Begin PBXShellScriptBuildPhase section */
		E05F25AF14F4326A00AF1F6D /* ShellScript */ = {
			isa = PBXShellScriptBuildPhase;
			buildActionMask = 2147483647;
			files = (
			);
			inputPaths = (
			);
			outputPaths = (
			);
			runOnlyForDeploymentPostprocessing = 0;
			shellPath = /bin/sh;
			shellScript = "/usr/local/bin/appledoc \\\n--project-name \"PPRevealSideViewController\" \\\n--project-company \"Marian PAUL - iPuP SARL\" \\\n--company-id \"fr.ipup\" \\\n--docset-atom-filename \"PPRevealSideViewController.atom\" \\\n--docset-feed-url \"http://ipup.github.com/PPRevealSideViewController/%DOCSETATOMFILENAME\" \\\n--docset-package-url \"http://ipup.github.com/PPRevealSideViewController/%DOCSETPACKAGEFILENAME\" \\\n--docset-fallback-url \"http://ipup.github.com/PPRevealSideViewController/\" \\\n--output \"${PROJECT_DIR}/Documentation\" \\\n--verbose 6 \\\n--publish-docset \\\n--create-docset \\\n--logformat xcode \\\n--keep-intermediate-files \\\n--no-repeat-first-par \\\n--no-warn-invalid-crossref \\\n--ignore \"*.m\" \\\n\"${PROJECT_DIR}\"";
		};
/* End PBXShellScriptBuildPhase section */

/* Begin PBXSourcesBuildPhase section */
		E0D903B614ED2A610072EECD /* Sources */ = {
			isa = PBXSourcesBuildPhase;
			buildActionMask = 2147483647;
			files = (
				BF8A850A18DCB19700C636A4 /* User.m in Sources */,
				E0D903CB14ED2A610072EECD /* main.m in Sources */,
				BF31C39C18DD212D00A07190 /* CreateAccountViewController.m in Sources */,
				E0D35A4D14F282FD0013EB90 /* PPRevealSideViewController.m in Sources */,
				BF8A850B18DCB19700C636A4 /* Event.m in Sources */,
				BF31C3A018DE91E100A07190 /* AccountViewController.m in Sources */,
				BFDB558418DBF68A0012C2DF /* LoginViewController.m in Sources */,
				BF3589B318DBDC3A00865F59 /* MapViewController.m in Sources */,
				BF8A850318DCB0DA00C636A4 /* LeftViewController.m in Sources */,
				E0D35A6814F283AE0013EB90 /* AppDelegate.m in Sources */,
				BF3589B018DBDBB300865F59 /* RightViewController.m in Sources */,
			);
			runOnlyForDeploymentPostprocessing = 0;
		};
/* End PBXSourcesBuildPhase section */

/* Begin PBXTargetDependency section */
		E05F25B114F4327500AF1F6D /* PBXTargetDependency */ = {
			isa = PBXTargetDependency;
			target = E0D903B914ED2A610072EECD /* PartyAppV1 */;
			targetProxy = E05F25B014F4327500AF1F6D /* PBXContainerItemProxy */;
		};
/* End PBXTargetDependency section */

/* Begin PBXVariantGroup section */
		E0D903C714ED2A610072EECD /* InfoPlist.strings */ = {
			isa = PBXVariantGroup;
			children = (
				E0D903C814ED2A610072EECD /* en */,
			);
			name = InfoPlist.strings;
			sourceTree = "<group>";
		};
/* End PBXVariantGroup section */

/* Begin XCBuildConfiguration section */
		E05F25AD14F4326600AF1F6D /* Debug */ = {
			isa = XCBuildConfiguration;
			buildSettings = {
				PRODUCT_NAME = "$(TARGET_NAME)";
			};
			name = Debug;
		};
		E05F25AE14F4326600AF1F6D /* Release */ = {
			isa = XCBuildConfiguration;
			buildSettings = {
				PRODUCT_NAME = "$(TARGET_NAME)";
			};
			name = Release;
		};
		E0D903D014ED2A610072EECD /* Debug */ = {
			isa = XCBuildConfiguration;
			buildSettings = {
				ALWAYS_SEARCH_USER_PATHS = NO;
				ARCHS = "$(ARCHS_STANDARD_32_BIT)";
				CLANG_ENABLE_OBJC_ARC = YES;
				CLANG_WARN_CONSTANT_CONVERSION = YES;
				CLANG_WARN_ENUM_CONVERSION = YES;
				CLANG_WARN_INT_CONVERSION = YES;
				CLANG_WARN__DUPLICATE_METHOD_MATCH = YES;
				"CODE_SIGN_IDENTITY[sdk=iphoneos*]" = "iPhone Developer";
				COPY_PHASE_STRIP = NO;
				GCC_C_LANGUAGE_STANDARD = gnu99;
				GCC_DYNAMIC_NO_PIC = NO;
				GCC_OPTIMIZATION_LEVEL = 0;
				GCC_PREPROCESSOR_DEFINITIONS = (
					"DEBUG=1",
					"$(inherited)",
				);
				GCC_SYMBOLS_PRIVATE_EXTERN = NO;
				GCC_VERSION = com.apple.compilers.llvm.clang.1_0;
				GCC_WARN_ABOUT_MISSING_PROTOTYPES = YES;
				GCC_WARN_ABOUT_RETURN_TYPE = YES;
				GCC_WARN_UNINITIALIZED_AUTOS = YES;
				GCC_WARN_UNUSED_VARIABLE = YES;
				IPHONEOS_DEPLOYMENT_TARGET = 7.1;
				SDKROOT = iphoneos;
				TARGETED_DEVICE_FAMILY = "1,2";
			};
			name = Debug;
		};
		E0D903D114ED2A610072EECD /* Release */ = {
			isa = XCBuildConfiguration;
			buildSettings = {
				ALWAYS_SEARCH_USER_PATHS = NO;
				ARCHS = "$(ARCHS_STANDARD_32_BIT)";
				CLANG_ENABLE_OBJC_ARC = YES;
				CLANG_WARN_CONSTANT_CONVERSION = YES;
				CLANG_WARN_ENUM_CONVERSION = YES;
				CLANG_WARN_INT_CONVERSION = YES;
				CLANG_WARN__DUPLICATE_METHOD_MATCH = YES;
				"CODE_SIGN_IDENTITY[sdk=iphoneos*]" = "iPhone Developer";
				COPY_PHASE_STRIP = YES;
				GCC_C_LANGUAGE_STANDARD = gnu99;
				GCC_VERSION = com.apple.compilers.llvm.clang.1_0;
				GCC_WARN_ABOUT_MISSING_PROTOTYPES = YES;
				GCC_WARN_ABOUT_RETURN_TYPE = YES;
				GCC_WARN_UNINITIALIZED_AUTOS = YES;
				GCC_WARN_UNUSED_VARIABLE = YES;
				IPHONEOS_DEPLOYMENT_TARGET = 7.1;
				OTHER_CFLAGS = "-DNS_BLOCK_ASSERTIONS=1";
				SDKROOT = iphoneos;
				TARGETED_DEVICE_FAMILY = "1,2";
				VALIDATE_PRODUCT = YES;
			};
			name = Release;
		};
		E0D903D314ED2A610072EECD /* Debug */ = {
			isa = XCBuildConfiguration;
			buildSettings = {
				CODE_SIGN_IDENTITY = "iPhone Developer";
				GCC_PRECOMPILE_PREFIX_HEADER = YES;
				GCC_PREFIX_HEADER = "PPRevealSideViewController/PartyAppV1-Prefix.pch";
				GCC_VERSION = "";
				INFOPLIST_FILE = "PPRevealSideViewController/PartyAppV1-Info.plist";
				IPHONEOS_DEPLOYMENT_TARGET = 7.1;
				PRODUCT_NAME = PartyAppV1;
				PROVISIONING_PROFILE = "F4B01518-AAEC-4C90-8863-E0F4562C6BAE";
				TARGETED_DEVICE_FAMILY = 1;
				WRAPPER_EXTENSION = app;
			};
			name = Debug;
		};
		E0D903D414ED2A610072EECD /* Release */ = {
			isa = XCBuildConfiguration;
			buildSettings = {
				CODE_SIGN_IDENTITY = "iPhone Developer";
				"CODE_SIGN_IDENTITY[sdk=iphoneos*]" = "iPhone Distribution: iPuP";
				GCC_PRECOMPILE_PREFIX_HEADER = YES;
				GCC_PREFIX_HEADER = "PPRevealSideViewController/PartyAppV1-Prefix.pch";
				GCC_VERSION = "";
				INFOPLIST_FILE = "PPRevealSideViewController/PartyAppV1-Info.plist";
				IPHONEOS_DEPLOYMENT_TARGET = 7.1;
				PRODUCT_NAME = PartyAppV1;
				"PROVISIONING_PROFILE[sdk=iphoneos*]" = "82F4A51F-03F5-4214-88F8-08F21369E987";
				TARGETED_DEVICE_FAMILY = 1;
				WRAPPER_EXTENSION = app;
			};
			name = Release;
		};
/* End XCBuildConfiguration section */

/* Begin XCConfigurationList section */
		E05F25AC14F4326600AF1F6D /* Build configuration list for PBXAggregateTarget "BuildDocumentation" */ = {
			isa = XCConfigurationList;
			buildConfigurations = (
				E05F25AD14F4326600AF1F6D /* Debug */,
				E05F25AE14F4326600AF1F6D /* Release */,
			);
			defaultConfigurationIsVisible = 0;
			defaultConfigurationName = Release;
		};
		E0D903B414ED2A610072EECD /* Build configuration list for PBXProject "PartyAppV1" */ = {
			isa = XCConfigurationList;
			buildConfigurations = (
				E0D903D014ED2A610072EECD /* Debug */,
				E0D903D114ED2A610072EECD /* Release */,
			);
			defaultConfigurationIsVisible = 0;
			defaultConfigurationName = Release;
		};
		E0D903D214ED2A610072EECD /* Build configuration list for PBXNativeTarget "PartyAppV1" */ = {
			isa = XCConfigurationList;
			buildConfigurations = (
				E0D903D314ED2A610072EECD /* Debug */,
				E0D903D414ED2A610072EECD /* Release */,
			);
			defaultConfigurationIsVisible = 0;
			defaultConfigurationName = Release;
		};
/* End XCConfigurationList section */
	};
	rootObject = E0D903B114ED2A610072EECD /* Project object */;
}
